
Microsoft Visual Studio Solution File, Format Version 12.00
# Visual Studio Version 17
VisualStudioVersion = 17.6.33815.320
MinimumVisualStudioVersion = 10.0.40219.1
Project("{FAE04EC0-301F-11D3-BF4B-00C04F79EFBC}") = "SOLID_Principles", "SOLID_Principles\SOLID_Principles.csproj", "{786E6189-7091-483C-999E-F03E2CD7CC31}"
EndProject
Global
	GlobalSection(SolutionConfigurationPlatforms) = preSolution
		Debug|Any CPU = Debug|Any CPU
		Release|Any CPU = Release|Any CPU
	EndGlobalSection
	GlobalSection(ProjectConfigurationPlatforms) = postSolution
		{786E6189-7091-483C-999E-F03E2CD7CC31}.Debug|Any CPU.ActiveCfg = Debug|Any CPU
		{786E6189-7091-483C-999E-F03E2CD7CC31}.Debug|Any CPU.Build.0 = Debug|Any CPU
		{786E6189-7091-483C-999E-F03E2CD7CC31}.Release|Any CPU.ActiveCfg = Release|Any CPU
		{786E6189-7091-483C-999E-F03E2CD7CC31}.Release|Any CPU.Build.0 = Release|Any CPU
	EndGlobalSection
	GlobalSection(SolutionProperties) = preSolution
		HideSolutionNode = FALSE
	EndGlobalSection
	GlobalSection(ExtensibilityGlobals) = postSolution
		SolutionGuid = {989F25AC-7251-4809-84A6-3C97F9947CAF}
	EndGlobalSection
EndGlobal
